
Microsoft Visual Studio Solution File, Format Version 12.00
# Visual Studio Version 16
VisualStudioVersion = 16.0.29806.167
MinimumVisualStudioVersion = 10.0.40219.1
Project("{FAE04EC0-301F-11D3-BF4B-00C04F79EFBC}") = "CovidChart.API", "CovidChart.API\CovidChart.API.csproj", "{3FBD80AA-0DC2-441C-80BC-7700F0D8A693}"
EndProject
Project("{FAE04EC0-301F-11D3-BF4B-00C04F79EFBC}") = "CovidChart.UI", "CovidChart.UI\CovidChart.UI.csproj", "{86FE7114-1494-4353-A5E3-328C995D38AB}"
EndProject
Global
	GlobalSection(SolutionConfigurationPlatforms) = preSolution
		Debug|Any CPU = Debug|Any CPU
		Release|Any CPU = Release|Any CPU
	EndGlobalSection
	GlobalSection(ProjectConfigurationPlatforms) = postSolution
		{3FBD80AA-0DC2-441C-80BC-7700F0D8A693}.Debug|Any CPU.ActiveCfg = Debug|Any CPU
		{3FBD80AA-0DC2-441C-80BC-7700F0D8A693}.Debug|Any CPU.Build.0 = Debug|Any CPU
		{3FBD80AA-0DC2-441C-80BC-7700F0D8A693}.Release|Any CPU.ActiveCfg = Release|Any CPU
		{3FBD80AA-0DC2-441C-80BC-7700F0D8A693}.Release|Any CPU.Build.0 = Release|Any CPU
		{86FE7114-1494-4353-A5E3-328C995D38AB}.Debug|Any CPU.ActiveCfg = Debug|Any CPU
		{86FE7114-1494-4353-A5E3-328C995D38AB}.Debug|Any CPU.Build.0 = Debug|Any CPU
		{86FE7114-1494-4353-A5E3-328C995D38AB}.Release|Any CPU.ActiveCfg = Release|Any CPU
		{86FE7114-1494-4353-A5E3-328C995D38AB}.Release|Any CPU.Build.0 = Release|Any CPU
	EndGlobalSection
	GlobalSection(SolutionProperties) = preSolution
		HideSolutionNode = FALSE
	EndGlobalSection
	GlobalSection(ExtensibilityGlobals) = postSolution
		SolutionGuid = {52798C85-0C42-4574-BB02-B47EF0876649}
	EndGlobalSection
EndGlobal
